{
  "version": 4,
  "terraform_version": "1.5.6",
  "serial": 7,
  "lineage": "2171c888-c402-dc73-3970-dc96b4f08cf5",
  "outputs": {},
  "resources": [
    {
      "mode": "managed",
      "type": "aws_key_pair",
      "name": "demo_key",
      "provider": "provider[\"registry.terraform.io/hashicorp/aws\"]",
      "instances": [
        {
          "schema_version": 1,
          "attributes": {
            "arn": "arn:aws:ec2:us-east-1:017228101718:key-pair/apache_server_key",
            "fingerprint": "09:e1:d7:c4:cd:79:06:98:78:c2:0d:a9:69:11:97:6d",
            "id": "apache_server_key",
            "key_name": "apache_server_key",
            "key_name_prefix": "",
            "key_pair_id": "key-09328db2a17d841e7",
            "key_type": "rsa",
            "public_key": "ssh-rsa AAAAB3NzaC1yc2EAAAADAQABAAABgQDWWlJOXCXbFxSN+p8uWQza/K4nu5pB/aTZ1xa3c5YzblIDeowI5n/SqsNMflNbR4xdiXCL3RwPtO5BJWIREBvowxK+WptB1m/PpHWy4vMc/AIRc3zIOV5daYLe/Vdyjgqkeve815PDeN3MZenWs9kfGjK+ryUvZwfrZHkvtICEF4wxsqlcw36cnPtmigl08uR79Irkukzg7O6M+LG7ZplIeoPrWn8e1PkS2S6GPafExdM/JRl3zppBuT68jqdYGQ9NdEMhGHCODI9sjsYTV8s6g9jcs8HTzOkoCKIknZ2X14fAThoBqPlZCIemXy9mTFfyjjQc4H/qLFOfNG51RZWHzPoZCEhwJhsq0u7Li9K/sOGtcvWD7cU7u+8IKaAJGzEPT2XPasnX+xgK4EkKH0fbbazZ2PWQ7+5iIBJM3f5YssCj6fLxeNSLoAFP7uflNjqsEfj26b79lX0Vr2Bd2hyLaYAz4LDx0kngWqgYtOd+TQ+WfCXoRalT9p01RW04Zm0= ritesh@RITESH",
            "tags": {},
            "tags_all": {}
          },
          "sensitive_attributes": [],
          "private": "eyJzY2hlbWFfdmVyc2lvbiI6IjEifQ=="
        }
      ]
    }
  ],
  "check_results": null
}
